// !$*UTF8*$!
{
	archiveVersion = 1;
	classes = {
	};
	objectVersion = 46;
	objects = {

/* Begin PBXBuildFile section */
		280A44E819BE5464004F4588 /* _Opening Book.txt in Resources */ = {isa = PBXBuildFile; fileRef = 280A44E719BE5464004F4588 /* _Opening Book.txt */; };
		281CCC84196F112C00CDF049 /* PreferencesMenu.cpp in Sources */ = {isa = PBXBuildFile; fileRef = 281CCC82196F112C00CDF049 /* PreferencesMenu.cpp */; };
		28327E04196D8EF7004D6464 /* Evaluator.cpp in Sources */ = {isa = PBXBuildFile; fileRef = 28327E00196D8EF7004D6464 /* Evaluator.cpp */; };
		285BDFE81971AD7500597698 /* BlackBishop.png in Resources */ = {isa = PBXBuildFile; fileRef = 285BDFDA1971AD7500597698 /* BlackBishop.png */; };
		285BDFE91971AD7500597698 /* BlackKing.png in Resources */ = {isa = PBXBuildFile; fileRef = 285BDFDB1971AD7500597698 /* BlackKing.png */; };
		285BDFEA1971AD7500597698 /* BlackKnight.png in Resources */ = {isa = PBXBuildFile; fileRef = 285BDFDC1971AD7500597698 /* BlackKnight.png */; };
		285BDFEB1971AD7500597698 /* BlackPawn.png in Resources */ = {isa = PBXBuildFile; fileRef = 285BDFDD1971AD7500597698 /* BlackPawn.png */; };
		285BDFEC1971AD7500597698 /* BlackQueen.png in Resources */ = {isa = PBXBuildFile; fileRef = 285BDFDE1971AD7500597698 /* BlackQueen.png */; };
		285BDFED1971AD7500597698 /* BlackRook.png in Resources */ = {isa = PBXBuildFile; fileRef = 285BDFDF1971AD7500597698 /* BlackRook.png */; };
		285BDFEE1971AD7500597698 /* Board.png in Resources */ = {isa = PBXBuildFile; fileRef = 285BDFE01971AD7500597698 /* Board.png */; };
		285BDFF01971AD7500597698 /* WhiteBishop.png in Resources */ = {isa = PBXBuildFile; fileRef = 285BDFE21971AD7500597698 /* WhiteBishop.png */; };
		285BDFF11971AD7500597698 /* WhiteKing.png in Resources */ = {isa = PBXBuildFile; fileRef = 285BDFE31971AD7500597698 /* WhiteKing.png */; };
		285BDFF21971AD7500597698 /* WhiteKnight.png in Resources */ = {isa = PBXBuildFile; fileRef = 285BDFE41971AD7500597698 /* WhiteKnight.png */; };
		285BDFF31971AD7500597698 /* WhitePawn.png in Resources */ = {isa = PBXBuildFile; fileRef = 285BDFE51971AD7500597698 /* WhitePawn.png */; };
		285BDFF41971AD7500597698 /* WhiteQueen.png in Resources */ = {isa = PBXBuildFile; fileRef = 285BDFE61971AD7500597698 /* WhiteQueen.png */; };
		285BDFF51971AD7500597698 /* WhiteRook.png in Resources */ = {isa = PBXBuildFile; fileRef = 285BDFE71971AD7500597698 /* WhiteRook.png */; };
		286B42A91976072A001F16D3 /* MoveConverter.cpp in Sources */ = {isa = PBXBuildFile; fileRef = 286B42A71976072A001F16D3 /* MoveConverter.cpp */; };
		28855A10196C94C3005DC12D /* AI.cpp in Sources */ = {isa = PBXBuildFile; fileRef = 28855A0E196C94C3005DC12D /* AI.cpp */; };
		28855A13196CA1C3005DC12D /* PromotionMenu.cpp in Sources */ = {isa = PBXBuildFile; fileRef = 28855A11196CA1C3005DC12D /* PromotionMenu.cpp */; };
		28B386E8196DED720083ED7E /* RunAIInput.cpp in Sources */ = {isa = PBXBuildFile; fileRef = 28B386E6196DED720083ED7E /* RunAIInput.cpp */; };
		28B386EB196DEDAB0083ED7E /* SearchAICommunicator.cpp in Sources */ = {isa = PBXBuildFile; fileRef = 28B386E9196DEDAB0083ED7E /* SearchAICommunicator.cpp */; };
		28C0FDC1197A182500E4E63C /* EvaluatorTracker.cpp in Sources */ = {isa = PBXBuildFile; fileRef = 28C0FDBF197A182500E4E63C /* EvaluatorTracker.cpp */; };
		28C0FDC4197A1C9200E4E63C /* Evaluator_Support.cpp in Sources */ = {isa = PBXBuildFile; fileRef = 28C0FDC2197A1C9200E4E63C /* Evaluator_Support.cpp */; };
		28C5838B196F21D900D538AD /* _Preferences.txt in Resources */ = {isa = PBXBuildFile; fileRef = 28C5838A196F21D900D538AD /* _Preferences.txt */; };
		28C5B03E197EFA4D0093A08C /* preferencesIcon.png in Resources */ = {isa = PBXBuildFile; fileRef = 28C5B03D197EFA4D0093A08C /* preferencesIcon.png */; };
		28C5B041197EFC420093A08C /* NumBox.cpp in Sources */ = {isa = PBXBuildFile; fileRef = 28C5B03F197EFC420093A08C /* NumBox.cpp */; };
		28C86E30197DBA4D008E8D8E /* HashTable.cpp in Sources */ = {isa = PBXBuildFile; fileRef = 28C86E2E197DBA4D008E8D8E /* HashTable.cpp */; };
		28D2D2B4196C750600C4E9A6 /* ResourcePath.mm in Sources */ = {isa = PBXBuildFile; fileRef = 28D2D2B3196C750600C4E9A6 /* ResourcePath.mm */; };
		28D2D2B7196C750600C4E9A6 /* main.cpp in Sources */ = {isa = PBXBuildFile; fileRef = 28D2D2B6196C750600C4E9A6 /* main.cpp */; };
		28D2D2BE196C750600C4E9A6 /* sansation.ttf in Resources */ = {isa = PBXBuildFile; fileRef = 28D2D2BD196C750600C4E9A6 /* sansation.ttf */; };
		28D2D2C0196C750600C4E9A6 /* icon.png in Resources */ = {isa = PBXBuildFile; fileRef = 28D2D2BF196C750600C4E9A6 /* icon.png */; };
		28D2D2C8196C751E00C4E9A6 /* Game.cpp in Sources */ = {isa = PBXBuildFile; fileRef = 28D2D2C6196C751E00C4E9A6 /* Game.cpp */; };
		28D2D2CB196C754000C4E9A6 /* Board.cpp in Sources */ = {isa = PBXBuildFile; fileRef = 28D2D2C9196C754000C4E9A6 /* Board.cpp */; };
		28D2D2CE196C761E00C4E9A6 /* Controller.cpp in Sources */ = {isa = PBXBuildFile; fileRef = 28D2D2CC196C761E00C4E9A6 /* Controller.cpp */; };
		28D2D2D1196C7B7400C4E9A6 /* SpriteHolder.cpp in Sources */ = {isa = PBXBuildFile; fileRef = 28D2D2CF196C7B7400C4E9A6 /* SpriteHolder.cpp */; };
		28D2D2D4196C7BDB00C4E9A6 /* Piece.cpp in Sources */ = {isa = PBXBuildFile; fileRef = 28D2D2D2196C7BDB00C4E9A6 /* Piece.cpp */; };
		28E47BDB196DA39500107E27 /* EndGameMenu.cpp in Sources */ = {isa = PBXBuildFile; fileRef = 28E47BD9196DA39500107E27 /* EndGameMenu.cpp */; };
		28E47BE0196DBAEB00107E27 /* AI_Support.cpp in Sources */ = {isa = PBXBuildFile; fileRef = 28E47BDE196DBAEB00107E27 /* AI_Support.cpp */; };
		28F2582C19B1256A00883D78 /* MovementCalculator.cpp in Sources */ = {isa = PBXBuildFile; fileRef = 28F2582819B1256A00883D78 /* MovementCalculator.cpp */; };
		28FCAB961975C7E700FBD2FF /* ExchangeSimulator.cpp in Sources */ = {isa = PBXBuildFile; fileRef = 28FCAB941975C7E700FBD2FF /* ExchangeSimulator.cpp */; };
		51967403196CBCDD0072D6B1 /* OpeningMove.cpp in Sources */ = {isa = PBXBuildFile; fileRef = 51967402196CBCDD0072D6B1 /* OpeningMove.cpp */; };
		51967406196CBCE50072D6B1 /* OpeningBook.cpp in Sources */ = {isa = PBXBuildFile; fileRef = 51967404196CBCE50072D6B1 /* OpeningBook.cpp */; };
/* End PBXBuildFile section */

/* Begin PBXFileReference section */
		280A44E719BE5464004F4588 /* _Opening Book.txt */ = {isa = PBXFileReference; fileEncoding = 4; lastKnownFileType = text; name = "_Opening Book.txt"; path = "Schach/_Opening Book.txt"; sourceTree = "<group>"; };
		281CCC82196F112C00CDF049 /* PreferencesMenu.cpp */ = {isa = PBXFileReference; fileEncoding = 4; lastKnownFileType = sourcecode.cpp.cpp; path = PreferencesMenu.cpp; sourceTree = "<group>"; };
		281CCC83196F112C00CDF049 /* PreferencesMenu.h */ = {isa = PBXFileReference; fileEncoding = 4; lastKnownFileType = sourcecode.c.h; path = PreferencesMenu.h; sourceTree = "<group>"; };
		28327E00196D8EF7004D6464 /* Evaluator.cpp */ = {isa = PBXFileReference; fileEncoding = 4; lastKnownFileType = sourcecode.cpp.cpp; path = Evaluator.cpp; sourceTree = "<group>"; };
		28327E01196D8EF7004D6464 /* Evaluator.h */ = {isa = PBXFileReference; fileEncoding = 4; lastKnownFileType = sourcecode.c.h; path = Evaluator.h; sourceTree = "<group>"; };
		285BDFDA1971AD7500597698 /* BlackBishop.png */ = {isa = PBXFileReference; lastKnownFileType = image.png; path = BlackBishop.png; sourceTree = "<group>"; };
		285BDFDB1971AD7500597698 /* BlackKing.png */ = {isa = PBXFileReference; lastKnownFileType = image.png; path = BlackKing.png; sourceTree = "<group>"; };
		285BDFDC1971AD7500597698 /* BlackKnight.png */ = {isa = PBXFileReference; lastKnownFileType = image.png; path = BlackKnight.png; sourceTree = "<group>"; };
		285BDFDD1971AD7500597698 /* BlackPawn.png */ = {isa = PBXFileReference; lastKnownFileType = image.png; path = BlackPawn.png; sourceTree = "<group>"; };
		285BDFDE1971AD7500597698 /* BlackQueen.png */ = {isa = PBXFileReference; lastKnownFileType = image.png; path = BlackQueen.png; sourceTree = "<group>"; };
		285BDFDF1971AD7500597698 /* BlackRook.png */ = {isa = PBXFileReference; lastKnownFileType = image.png; path = BlackRook.png; sourceTree = "<group>"; };
		285BDFE01971AD7500597698 /* Board.png */ = {isa = PBXFileReference; lastKnownFileType = image.png; name = Board.png; path = "Piece PNGs/Board.png"; sourceTree = "<group>"; };
		285BDFE21971AD7500597698 /* WhiteBishop.png */ = {isa = PBXFileReference; lastKnownFileType = image.png; path = WhiteBishop.png; sourceTree = "<group>"; };
		285BDFE31971AD7500597698 /* WhiteKing.png */ = {isa = PBXFileReference; lastKnownFileType = image.png; path = WhiteKing.png; sourceTree = "<group>"; };
		285BDFE41971AD7500597698 /* WhiteKnight.png */ = {isa = PBXFileReference; lastKnownFileType = image.png; path = WhiteKnight.png; sourceTree = "<group>"; };
		285BDFE51971AD7500597698 /* WhitePawn.png */ = {isa = PBXFileReference; lastKnownFileType = image.png; path = WhitePawn.png; sourceTree = "<group>"; };
		285BDFE61971AD7500597698 /* WhiteQueen.png */ = {isa = PBXFileReference; lastKnownFileType = image.png; path = WhiteQueen.png; sourceTree = "<group>"; };
		285BDFE71971AD7500597698 /* WhiteRook.png */ = {isa = PBXFileReference; lastKnownFileType = image.png; path = WhiteRook.png; sourceTree = "<group>"; };
		286B42A71976072A001F16D3 /* MoveConverter.cpp */ = {isa = PBXFileReference; fileEncoding = 4; lastKnownFileType = sourcecode.cpp.cpp; path = MoveConverter.cpp; sourceTree = "<group>"; };
		286B42A81976072A001F16D3 /* MoveConverter.h */ = {isa = PBXFileReference; fileEncoding = 4; lastKnownFileType = sourcecode.c.h; path = MoveConverter.h; sourceTree = "<group>"; };
		28855A0E196C94C3005DC12D /* AI.cpp */ = {isa = PBXFileReference; fileEncoding = 4; lastKnownFileType = sourcecode.cpp.cpp; path = AI.cpp; sourceTree = "<group>"; };
		28855A0F196C94C3005DC12D /* AI.h */ = {isa = PBXFileReference; fileEncoding = 4; lastKnownFileType = sourcecode.c.h; path = AI.h; sourceTree = "<group>"; };
		28855A11196CA1C3005DC12D /* PromotionMenu.cpp */ = {isa = PBXFileReference; fileEncoding = 4; lastKnownFileType = sourcecode.cpp.cpp; path = PromotionMenu.cpp; sourceTree = "<group>"; };
		28855A12196CA1C3005DC12D /* PromotionMenu.h */ = {isa = PBXFileReference; fileEncoding = 4; lastKnownFileType = sourcecode.c.h; path = PromotionMenu.h; sourceTree = "<group>"; };
		28B386E6196DED720083ED7E /* RunAIInput.cpp */ = {isa = PBXFileReference; fileEncoding = 4; lastKnownFileType = sourcecode.cpp.cpp; path = RunAIInput.cpp; sourceTree = "<group>"; };
		28B386E7196DED720083ED7E /* RunAIInput.h */ = {isa = PBXFileReference; fileEncoding = 4; lastKnownFileType = sourcecode.c.h; path = RunAIInput.h; sourceTree = "<group>"; };
		28B386E9196DEDAB0083ED7E /* SearchAICommunicator.cpp */ = {isa = PBXFileReference; fileEncoding = 4; lastKnownFileType = sourcecode.cpp.cpp; path = SearchAICommunicator.cpp; sourceTree = "<group>"; };
		28B386EA196DEDAB0083ED7E /* SearchAICommunicator.h */ = {isa = PBXFileReference; fileEncoding = 4; lastKnownFileType = sourcecode.c.h; path = SearchAICommunicator.h; sourceTree = "<group>"; };
		28C0FDBF197A182500E4E63C /* EvaluatorTracker.cpp */ = {isa = PBXFileReference; fileEncoding = 4; lastKnownFileType = sourcecode.cpp.cpp; path = EvaluatorTracker.cpp; sourceTree = "<group>"; };
		28C0FDC0197A182500E4E63C /* EvaluatorTracker.h */ = {isa = PBXFileReference; fileEncoding = 4; lastKnownFileType = sourcecode.c.h; path = EvaluatorTracker.h; sourceTree = "<group>"; };
		28C0FDC2197A1C9200E4E63C /* Evaluator_Support.cpp */ = {isa = PBXFileReference; fileEncoding = 4; lastKnownFileType = sourcecode.cpp.cpp; path = Evaluator_Support.cpp; sourceTree = "<group>"; };
		28C5838A196F21D900D538AD /* _Preferences.txt */ = {isa = PBXFileReference; fileEncoding = 4; lastKnownFileType = text; path = _Preferences.txt; sourceTree = "<group>"; };
		28C5B03D197EFA4D0093A08C /* preferencesIcon.png */ = {isa = PBXFileReference; lastKnownFileType = image.png; path = preferencesIcon.png; sourceTree = "<group>"; };
		28C5B03F197EFC420093A08C /* NumBox.cpp */ = {isa = PBXFileReference; fileEncoding = 4; lastKnownFileType = sourcecode.cpp.cpp; path = NumBox.cpp; sourceTree = "<group>"; };
		28C5B040197EFC420093A08C /* NumBox.h */ = {isa = PBXFileReference; fileEncoding = 4; lastKnownFileType = sourcecode.c.h; path = NumBox.h; sourceTree = "<group>"; };
		28C86E2E197DBA4D008E8D8E /* HashTable.cpp */ = {isa = PBXFileReference; fileEncoding = 4; lastKnownFileType = sourcecode.cpp.cpp; path = HashTable.cpp; sourceTree = "<group>"; };
		28C86E2F197DBA4D008E8D8E /* HashTable.h */ = {isa = PBXFileReference; fileEncoding = 4; lastKnownFileType = sourcecode.c.h; path = HashTable.h; sourceTree = "<group>"; };
		28D2D2AE196C750600C4E9A6 /* Schach.app */ = {isa = PBXFileReference; explicitFileType = wrapper.application; includeInIndex = 0; path = Schach.app; sourceTree = BUILT_PRODUCTS_DIR; };
		28D2D2B2196C750600C4E9A6 /* Schach-Info.plist */ = {isa = PBXFileReference; lastKnownFileType = text.plist.xml; path = "Schach-Info.plist"; sourceTree = "<group>"; };
		28D2D2B3196C750600C4E9A6 /* ResourcePath.mm */ = {isa = PBXFileReference; lastKnownFileType = sourcecode.cpp.objcpp; path = ResourcePath.mm; sourceTree = "<group>"; };
		28D2D2B5196C750600C4E9A6 /* ResourcePath.hpp */ = {isa = PBXFileReference; lastKnownFileType = sourcecode.cpp.h; path = ResourcePath.hpp; sourceTree = "<group>"; };
		28D2D2B6196C750600C4E9A6 /* main.cpp */ = {isa = PBXFileReference; lastKnownFileType = sourcecode.cpp.cpp; path = main.cpp; sourceTree = "<group>"; };
		28D2D2BD196C750600C4E9A6 /* sansation.ttf */ = {isa = PBXFileReference; lastKnownFileType = file; path = sansation.ttf; sourceTree = "<group>"; };
		28D2D2BF196C750600C4E9A6 /* icon.png */ = {isa = PBXFileReference; lastKnownFileType = image.png; path = icon.png; sourceTree = "<group>"; };
		28D2D2C6196C751E00C4E9A6 /* Game.cpp */ = {isa = PBXFileReference; fileEncoding = 4; lastKnownFileType = sourcecode.cpp.cpp; path = Game.cpp; sourceTree = "<group>"; };
		28D2D2C7196C751E00C4E9A6 /* Game.h */ = {isa = PBXFileReference; fileEncoding = 4; lastKnownFileType = sourcecode.c.h; path = Game.h; sourceTree = "<group>"; };
		28D2D2C9196C754000C4E9A6 /* Board.cpp */ = {isa = PBXFileReference; fileEncoding = 4; lastKnownFileType = sourcecode.cpp.cpp; path = Board.cpp; sourceTree = "<group>"; };
		28D2D2CA196C754000C4E9A6 /* Board.h */ = {isa = PBXFileReference; fileEncoding = 4; lastKnownFileType = sourcecode.c.h; path = Board.h; sourceTree = "<group>"; };
		28D2D2CC196C761E00C4E9A6 /* Controller.cpp */ = {isa = PBXFileReference; fileEncoding = 4; lastKnownFileType = sourcecode.cpp.cpp; path = Controller.cpp; sourceTree = "<group>"; };
		28D2D2CD196C761E00C4E9A6 /* Controller.h */ = {isa = PBXFileReference; fileEncoding = 4; lastKnownFileType = sourcecode.c.h; path = Controller.h; sourceTree = "<group>"; };
		28D2D2CF196C7B7400C4E9A6 /* SpriteHolder.cpp */ = {isa = PBXFileReference; fileEncoding = 4; lastKnownFileType = sourcecode.cpp.cpp; path = SpriteHolder.cpp; sourceTree = "<group>"; };
		28D2D2D0196C7B7400C4E9A6 /* SpriteHolder.h */ = {isa = PBXFileReference; fileEncoding = 4; lastKnownFileType = sourcecode.c.h; path = SpriteHolder.h; sourceTree = "<group>"; };
		28D2D2D2196C7BDB00C4E9A6 /* Piece.cpp */ = {isa = PBXFileReference; fileEncoding = 4; lastKnownFileType = sourcecode.cpp.cpp; path = Piece.cpp; sourceTree = "<group>"; };
		28D2D2D3196C7BDB00C4E9A6 /* Piece.h */ = {isa = PBXFileReference; fileEncoding = 4; lastKnownFileType = sourcecode.c.h; path = Piece.h; sourceTree = "<group>"; };
		28E47BD9196DA39500107E27 /* EndGameMenu.cpp */ = {isa = PBXFileReference; fileEncoding = 4; lastKnownFileType = sourcecode.cpp.cpp; path = EndGameMenu.cpp; sourceTree = "<group>"; };
		28E47BDA196DA39500107E27 /* EndGameMenu.h */ = {isa = PBXFileReference; fileEncoding = 4; lastKnownFileType = sourcecode.c.h; path = EndGameMenu.h; sourceTree = "<group>"; };
		28E47BDE196DBAEB00107E27 /* AI_Support.cpp */ = {isa = PBXFileReference; fileEncoding = 4; lastKnownFileType = sourcecode.cpp.cpp; path = AI_Support.cpp; sourceTree = "<group>"; };
		28F2582719B1256A00883D78 /* Move.h */ = {isa = PBXFileReference; fileEncoding = 4; lastKnownFileType = sourcecode.c.h; path = Move.h; sourceTree = "<group>"; };
		28F2582819B1256A00883D78 /* MovementCalculator.cpp */ = {isa = PBXFileReference; fileEncoding = 4; lastKnownFileType = sourcecode.cpp.cpp; path = MovementCalculator.cpp; sourceTree = "<group>"; };
		28F2582919B1256A00883D78 /* MovementCalculator.h */ = {isa = PBXFileReference; fileEncoding = 4; lastKnownFileType = sourcecode.c.h; path = MovementCalculator.h; sourceTree = "<group>"; };
		28F2582A19B1256A00883D78 /* Tile.h */ = {isa = PBXFileReference; fileEncoding = 4; lastKnownFileType = sourcecode.c.h; path = Tile.h; sourceTree = "<group>"; };
		28FCAB941975C7E700FBD2FF /* ExchangeSimulator.cpp */ = {isa = PBXFileReference; fileEncoding = 4; lastKnownFileType = sourcecode.cpp.cpp; path = ExchangeSimulator.cpp; sourceTree = "<group>"; };
		28FCAB951975C7E700FBD2FF /* ExchangeSimulator.h */ = {isa = PBXFileReference; fileEncoding = 4; lastKnownFileType = sourcecode.c.h; path = ExchangeSimulator.h; sourceTree = "<group>"; };
		517846AB196DAEF400D73405 /* PieceConstants.h */ = {isa = PBXFileReference; lastKnownFileType = sourcecode.c.h; path = PieceConstants.h; sourceTree = "<group>"; };
		518B50CD196C92E700F534A4 /* Node.h */ = {isa = PBXFileReference; fileEncoding = 4; lastKnownFileType = sourcecode.c.h; path = Node.h; sourceTree = "<group>"; };
		51967401196CBCDD0072D6B1 /* OpeningBook.h */ = {isa = PBXFileReference; fileEncoding = 4; lastKnownFileType = sourcecode.c.h; path = OpeningBook.h; sourceTree = "<group>"; };
		51967402196CBCDD0072D6B1 /* OpeningMove.cpp */ = {isa = PBXFileReference; fileEncoding = 4; lastKnownFileType = sourcecode.cpp.cpp; path = OpeningMove.cpp; sourceTree = "<group>"; };
		51967404196CBCE50072D6B1 /* OpeningBook.cpp */ = {isa = PBXFileReference; fileEncoding = 4; lastKnownFileType = sourcecode.cpp.cpp; path = OpeningBook.cpp; sourceTree = "<group>"; };
		51967405196CBCE50072D6B1 /* OpeningMove.h */ = {isa = PBXFileReference; fileEncoding = 4; lastKnownFileType = sourcecode.c.h; path = OpeningMove.h; sourceTree = "<group>"; };
/* End PBXFileReference section */

/* Begin PBXFrameworksBuildPhase section */
		28D2D2AA196C750600C4E9A6 /* Frameworks */ = {
			isa = PBXFrameworksBuildPhase;
			buildActionMask = 2147483647;
			files = (
			);
			runOnlyForDeploymentPostprocessing = 0;
		};
/* End PBXFrameworksBuildPhase section */

/* Begin PBXGroup section */
		285BDFD91971AD7500597698 /* Piece PNGs */ = {
			isa = PBXGroup;
			children = (
				285BDFDA1971AD7500597698 /* BlackBishop.png */,
				285BDFDB1971AD7500597698 /* BlackKing.png */,
				285BDFDC1971AD7500597698 /* BlackKnight.png */,
				285BDFDD1971AD7500597698 /* BlackPawn.png */,
				285BDFDE1971AD7500597698 /* BlackQueen.png */,
				285BDFDF1971AD7500597698 /* BlackRook.png */,
				285BDFE21971AD7500597698 /* WhiteBishop.png */,
				285BDFE31971AD7500597698 /* WhiteKing.png */,
				285BDFE41971AD7500597698 /* WhiteKnight.png */,
				285BDFE51971AD7500597698 /* WhitePawn.png */,
				285BDFE61971AD7500597698 /* WhiteQueen.png */,
				285BDFE71971AD7500597698 /* WhiteRook.png */,
			);
			path = "Piece PNGs";
			sourceTree = "<group>";
		};
		287457EA19743E710070384F /* include */ = {
			isa = PBXGroup;
			children = (
				28D2D2CD196C761E00C4E9A6 /* Controller.h */,
				28E47BDA196DA39500107E27 /* EndGameMenu.h */,
				28D2D2C7196C751E00C4E9A6 /* Game.h */,
				28C5B040197EFC420093A08C /* NumBox.h */,
				28D2D2D3196C7BDB00C4E9A6 /* Piece.h */,
				281CCC83196F112C00CDF049 /* PreferencesMenu.h */,
				28855A12196CA1C3005DC12D /* PromotionMenu.h */,
				28D2D2D0196C7B7400C4E9A6 /* SpriteHolder.h */,
			);
			name = include;
			sourceTree = "<group>";
		};
		287503741972012D003908CA /* Non-AI */ = {
			isa = PBXGroup;
			children = (
				287457EA19743E710070384F /* include */,
				287503751972015D003908CA /* source */,
			);
			name = "Non-AI";
			sourceTree = "<group>";
		};
		287503751972015D003908CA /* source */ = {
			isa = PBXGroup;
			children = (
				28D2D2CC196C761E00C4E9A6 /* Controller.cpp */,
				28E47BD9196DA39500107E27 /* EndGameMenu.cpp */,
				28D2D2C6196C751E00C4E9A6 /* Game.cpp */,
				28C5B03F197EFC420093A08C /* NumBox.cpp */,
				28D2D2D2196C7BDB00C4E9A6 /* Piece.cpp */,
				281CCC82196F112C00CDF049 /* PreferencesMenu.cpp */,
				28855A11196CA1C3005DC12D /* PromotionMenu.cpp */,
				28D2D2CF196C7B7400C4E9A6 /* SpriteHolder.cpp */,
			);
			name = source;
			sourceTree = "<group>";
		};
		28D2D2A4196C750600C4E9A6 = {
			isa = PBXGroup;
			children = (
				280A44E719BE5464004F4588 /* _Opening Book.txt */,
				28D2D2B0196C750600C4E9A6 /* Schach */,
				28D2D2AF196C750600C4E9A6 /* Products */,
			);
			sourceTree = "<group>";
		};
		28D2D2AF196C750600C4E9A6 /* Products */ = {
			isa = PBXGroup;
			children = (
				28D2D2AE196C750600C4E9A6 /* Schach.app */,
			);
			name = Products;
			sourceTree = "<group>";
		};
		28D2D2B0196C750600C4E9A6 /* Schach */ = {
			isa = PBXGroup;
			children = (
				28D2D2B6196C750600C4E9A6 /* main.cpp */,
				287503741972012D003908CA /* Non-AI */,
				518B50CB196C924900F534A4 /* include */,
				518B50CA196C922900F534A4 /* source */,
				28D2D2B3196C750600C4E9A6 /* ResourcePath.mm */,
				28D2D2B5196C750600C4E9A6 /* ResourcePath.hpp */,
				28D2D2B8196C750600C4E9A6 /* Resources */,
				28D2D2B1196C750600C4E9A6 /* Supporting Files */,
			);
			path = Schach;
			sourceTree = "<group>";
		};
		28D2D2B1196C750600C4E9A6 /* Supporting Files */ = {
			isa = PBXGroup;
			children = (
				28D2D2B2196C750600C4E9A6 /* Schach-Info.plist */,
			);
			name = "Supporting Files";
			sourceTree = "<group>";
		};
		28D2D2B8196C750600C4E9A6 /* Resources */ = {
			isa = PBXGroup;
			children = (
				285BDFD91971AD7500597698 /* Piece PNGs */,
				285BDFE01971AD7500597698 /* Board.png */,
				28C5B03D197EFA4D0093A08C /* preferencesIcon.png */,
				28C5838A196F21D900D538AD /* _Preferences.txt */,
				28D2D2BD196C750600C4E9A6 /* sansation.ttf */,
				28D2D2BF196C750600C4E9A6 /* icon.png */,
			);
			name = Resources;
			sourceTree = "<group>";
		};
		518B50CA196C922900F534A4 /* source */ = {
			isa = PBXGroup;
			children = (
				28855A0E196C94C3005DC12D /* AI.cpp */,
				28E47BDE196DBAEB00107E27 /* AI_Support.cpp */,
				28D2D2C9196C754000C4E9A6 /* Board.cpp */,
				28327E00196D8EF7004D6464 /* Evaluator.cpp */,
				28C0FDC2197A1C9200E4E63C /* Evaluator_Support.cpp */,
				28C0FDBF197A182500E4E63C /* EvaluatorTracker.cpp */,
				28FCAB941975C7E700FBD2FF /* ExchangeSimulator.cpp */,
				28C86E2E197DBA4D008E8D8E /* HashTable.cpp */,
				286B42A71976072A001F16D3 /* MoveConverter.cpp */,
				28F2582819B1256A00883D78 /* MovementCalculator.cpp */,
				51967404196CBCE50072D6B1 /* OpeningBook.cpp */,
				51967402196CBCDD0072D6B1 /* OpeningMove.cpp */,
				28B386E6196DED720083ED7E /* RunAIInput.cpp */,
				28B386E9196DEDAB0083ED7E /* SearchAICommunicator.cpp */,
			);
			name = source;
			sourceTree = "<group>";
		};
		518B50CB196C924900F534A4 /* include */ = {
			isa = PBXGroup;
			children = (
				28F2582A19B1256A00883D78 /* Tile.h */,
				28855A0F196C94C3005DC12D /* AI.h */,
				28D2D2CA196C754000C4E9A6 /* Board.h */,
				517846AB196DAEF400D73405 /* PieceConstants.h */,
				28327E01196D8EF7004D6464 /* Evaluator.h */,
				28C0FDC0197A182500E4E63C /* EvaluatorTracker.h */,
				28FCAB951975C7E700FBD2FF /* ExchangeSimulator.h */,
				28C86E2F197DBA4D008E8D8E /* HashTable.h */,
				28F2582719B1256A00883D78 /* Move.h */,
				28F2582919B1256A00883D78 /* MovementCalculator.h */,
				518B50CD196C92E700F534A4 /* Node.h */,
				286B42A81976072A001F16D3 /* MoveConverter.h */,
				51967401196CBCDD0072D6B1 /* OpeningBook.h */,
				51967405196CBCE50072D6B1 /* OpeningMove.h */,
				28B386E7196DED720083ED7E /* RunAIInput.h */,
				28B386EA196DEDAB0083ED7E /* SearchAICommunicator.h */,
			);
			name = include;
			sourceTree = "<group>";
		};
/* End PBXGroup section */

/* Begin PBXNativeTarget section */
		28D2D2AD196C750600C4E9A6 /* Schach */ = {
			isa = PBXNativeTarget;
			buildConfigurationList = 28D2D2C3196C750600C4E9A6 /* Build configuration list for PBXNativeTarget "Schach" */;
			buildPhases = (
				28D2D2A9196C750600C4E9A6 /* Sources */,
				28D2D2AA196C750600C4E9A6 /* Frameworks */,
				28D2D2AB196C750600C4E9A6 /* Resources */,
				28D2D2AC196C750600C4E9A6 /* ShellScript */,
			);
			buildRules = (
			);
			dependencies = (
			);
			name = Schach;
			productName = Schach;
			productReference = 28D2D2AE196C750600C4E9A6 /* Schach.app */;
			productType = "com.apple.product-type.application";
		};
/* End PBXNativeTarget section */

/* Begin PBXProject section */
		28D2D2A5196C750600C4E9A6 /* Project object */ = {
			isa = PBXProject;
			attributes = {
				LastUpgradeCheck = 0510;
				ORGANIZATIONNAME = "Thomas Redding";
			};
			buildConfigurationList = 28D2D2A8196C750600C4E9A6 /* Build configuration list for PBXProject "Schach" */;
			compatibilityVersion = "Xcode 3.2";
			developmentRegion = English;
			hasScannedForEncodings = 0;
			knownRegions = (
				en,
			);
			mainGroup = 28D2D2A4196C750600C4E9A6;
			productRefGroup = 28D2D2AF196C750600C4E9A6 /* Products */;
			projectDirPath = "";
			projectRoot = "";
			targets = (
				28D2D2AD196C750600C4E9A6 /* Schach */,
			);
		};
/* End PBXProject section */

/* Begin PBXResourcesBuildPhase section */
		28D2D2AB196C750600C4E9A6 /* Resources */ = {
			isa = PBXResourcesBuildPhase;
			buildActionMask = 2147483647;
			files = (
				285BDFF11971AD7500597698 /* WhiteKing.png in Resources */,
				285BDFF41971AD7500597698 /* WhiteQueen.png in Resources */,
				285BDFE81971AD7500597698 /* BlackBishop.png in Resources */,
				285BDFEE1971AD7500597698 /* Board.png in Resources */,
				28D2D2C0196C750600C4E9A6 /* icon.png in Resources */,
				285BDFEB1971AD7500597698 /* BlackPawn.png in Resources */,
				285BDFEC1971AD7500597698 /* BlackQueen.png in Resources */,
				285BDFF51971AD7500597698 /* WhiteRook.png in Resources */,
				285BDFF31971AD7500597698 /* WhitePawn.png in Resources */,
				285BDFF01971AD7500597698 /* WhiteBishop.png in Resources */,
				28D2D2BE196C750600C4E9A6 /* sansation.ttf in Resources */,
				285BDFED1971AD7500597698 /* BlackRook.png in Resources */,
				285BDFF21971AD7500597698 /* WhiteKnight.png in Resources */,
				28C5B03E197EFA4D0093A08C /* preferencesIcon.png in Resources */,
				285BDFE91971AD7500597698 /* BlackKing.png in Resources */,
				280A44E819BE5464004F4588 /* _Opening Book.txt in Resources */,
				285BDFEA1971AD7500597698 /* BlackKnight.png in Resources */,
				28C5838B196F21D900D538AD /* _Preferences.txt in Resources */,
			);
			runOnlyForDeploymentPostprocessing = 0;
		};
/* End PBXResourcesBuildPhase section */

/* Begin PBXShellScriptBuildPhase section */
		28D2D2AC196C750600C4E9A6 /* ShellScript */ = {
			isa = PBXShellScriptBuildPhase;
			buildActionMask = 2147483647;
			files = (
			);
			inputPaths = (
			);
			outputPaths = (
			);
			runOnlyForDeploymentPostprocessing = 0;
			shellPath = /bin/sh;
			shellScript = "# This shell script simply copies required sfml dylibs/frameworks into the application bundle frameworks folder.\n# If you're using static libraries (which is not recommended) you should remove this script from your project.\n\n# Are we building a project that uses framework or dylibs ?\ncase \"$SFML_BINARY_TYPE\" in\n    DYLIBS)\n        frameworks=\"false\"\n        ;;\n    *)\n        frameworks=\"true\"\n        ;;\nesac\n\n# Echoes to stderr\nerror () # $* message to display\n{\n    echo $* 1>&2\n    exit 2\n}\n\nassert () # $1 is a boolean, $2...N is an error message\n{\n    if [ $# -lt 2 ]\n    then\n        error \"Internal error in assert : not enough args\"\n    fi\n\n    if [ $1 -ne 0 ]\n    then\n        shift\n        error \"$*\"\n    fi\n}\n\nforce_remove () # $1 is a path\n{\n    test $# -eq 1\n    assert $? \"force_remove() requires one parameter\"\n    rm -fr \"$1\"\n    assert $? \"couldn't remove $1\"\n}\n\ncopy () # $1 is a source, $2 is a destination\n{\n    test $# -eq 2\n    assert $? \"copy() requires two parameters\"\n    ditto \"$1\" \"$2\"\n    assert $? \"couldn't copy $1 to $2\"\n}\n\nrequire () # $1 is a SFML module like 'system' or 'audio'\n{\n    dest=\"$BUILT_PRODUCTS_DIR/$PRODUCT_NAME.app/Contents/Frameworks\"\n\n    if [ -z \"$1\" ]\n    then\n        error \"require() requires one parameter!\"\n    else\n        # clean potentially old stuff\n        force_remove \"$dest/libsfml-$1.2.dylib\"\n        force_remove \"$dest/libsfml-$1-d.2.dylib\"\n        force_remove \"$dest/sfml-$1.framework\"\n\n        # copy SFML libraries\n        if [ \"$frameworks\" = \"true\" ]\n        then\n            copy \"/Library/Frameworks/sfml-$1.framework\" \"$dest/sfml-$1.framework\"\n        elif [ \"$SFML_LINK_DYLIBS_SUFFIX\" = \"-d\" ]\n        then\n            copy \"/usr/local/lib/libsfml-$1-d.2.dylib\" \"$dest/libsfml-$1-d.2.dylib\"\n        else\n            copy \"/usr/local/lib/libsfml-$1.2.dylib\" \"$dest/libsfml-$1.2.dylib\"\n        fi\n\n        if [ \"$1\" = \"audio\" ]\n        then\n            # copy sndfile framework too\n            copy \"/Library/Frameworks/sndfile.framework\" \"$dest/sndfile.framework\"\n        fi\n\n        if [ \"$1\" = \"graphics\" ]\n        then\n            # copy freetype framework too\n            copy \"/Library/Frameworks/freetype.framework\" \"$dest/freetype.framework\"\n        fi\n    fi\n}\n\nif [ -n \"$SFML_SYSTEM\" ]\nthen\n    require \"system\"\nfi\n\nif [ -n \"$SFML_AUDIO\" ]\nthen\n    require \"audio\"\nfi\n\nif [ -n \"$SFML_NETWORK\" ]\nthen\n    require \"network\"\nfi\n\nif [ -n \"$SFML_WINDOW\" ]\nthen\n    require \"window\"\nfi\n\nif [ -n \"$SFML_GRAPHICS\" ]\nthen\n    require \"graphics\"\nfi\n\n                ";
		};
/* End PBXShellScriptBuildPhase section */

/* Begin PBXSourcesBuildPhase section */
		28D2D2A9196C750600C4E9A6 /* Sources */ = {
			isa = PBXSourcesBuildPhase;
			buildActionMask = 2147483647;
			files = (
				28E47BE0196DBAEB00107E27 /* AI_Support.cpp in Sources */,
				28C0FDC4197A1C9200E4E63C /* Evaluator_Support.cpp in Sources */,
				286B42A91976072A001F16D3 /* MoveConverter.cpp in Sources */,
				28D2D2C8196C751E00C4E9A6 /* Game.cpp in Sources */,
				28327E04196D8EF7004D6464 /* Evaluator.cpp in Sources */,
				28C86E30197DBA4D008E8D8E /* HashTable.cpp in Sources */,
				28D2D2B7196C750600C4E9A6 /* main.cpp in Sources */,
				28B386EB196DEDAB0083ED7E /* SearchAICommunicator.cpp in Sources */,
				28855A13196CA1C3005DC12D /* PromotionMenu.cpp in Sources */,
				281CCC84196F112C00CDF049 /* PreferencesMenu.cpp in Sources */,
				51967403196CBCDD0072D6B1 /* OpeningMove.cpp in Sources */,
				28D2D2D4196C7BDB00C4E9A6 /* Piece.cpp in Sources */,
				28855A10196C94C3005DC12D /* AI.cpp in Sources */,
				28C5B041197EFC420093A08C /* NumBox.cpp in Sources */,
				28D2D2D1196C7B7400C4E9A6 /* SpriteHolder.cpp in Sources */,
				28E47BDB196DA39500107E27 /* EndGameMenu.cpp in Sources */,
				28FCAB961975C7E700FBD2FF /* ExchangeSimulator.cpp in Sources */,
				28F2582C19B1256A00883D78 /* MovementCalculator.cpp in Sources */,
				28D2D2CE196C761E00C4E9A6 /* Controller.cpp in Sources */,
				28D2D2CB196C754000C4E9A6 /* Board.cpp in Sources */,
				28C0FDC1197A182500E4E63C /* EvaluatorTracker.cpp in Sources */,
				28B386E8196DED720083ED7E /* RunAIInput.cpp in Sources */,
				28D2D2B4196C750600C4E9A6 /* ResourcePath.mm in Sources */,
				51967406196CBCE50072D6B1 /* OpeningBook.cpp in Sources */,
			);
			runOnlyForDeploymentPostprocessing = 0;
		};
/* End PBXSourcesBuildPhase section */

/* Begin XCBuildConfiguration section */
		28D2D2C1196C750600C4E9A6 /* Debug */ = {
			isa = XCBuildConfiguration;
			buildSettings = {
				ARCHS = "$(ARCHS_STANDARD_32_64_BIT)";
				CLANG_CXX_LANGUAGE_STANDARD = "c++0x";
				CLANG_CXX_LIBRARY = "libc++";
				CLANG_WARN_EMPTY_BODY = YES;
				CLANG_WARN__DUPLICATE_METHOD_MATCH = YES;
				FRAMEWORK_SEARCH_PATHS = (
					/Library/Frameworks/,
					"$(inherited)",
				);
				GCC_OPTIMIZATION_LEVEL = 0;
				GCC_PREPROCESSOR_DEFINITIONS = (
					"DEBUG=1",
					"$(inherited)",
				);
				GCC_VERSION = com.apple.compilers.llvm.clang.1_0;
				GCC_WARN_ABOUT_RETURN_TYPE = YES;
				GCC_WARN_UNINITIALIZED_AUTOS = YES;
				GCC_WARN_UNUSED_VARIABLE = YES;
				HEADER_SEARCH_PATHS = (
					/usr/local/include/,
					"$(inherited)",
				);
				LIBRARY_SEARCH_PATHS = (
					/usr/local/lib/,
					"$(inherited)",
				);
				ONLY_ACTIVE_ARCH = NO;
				OTHER_LDFLAGS = (
					"$(inherited)",
					"$(SFML_SYSTEM)",
					"$(SFML_WINDOW)",
					"$(SFML_GRAPHICS)",
					"$(SFML_AUDIO)",
					"$(SFML_NETWORK)",
				);
				SFML_AUDIO = "$(SFML_LINK_PREFIX) sfml-audio$(SFML_LINK_SUFFIX)";
				SFML_BINARY_TYPE = FRAMEWORKS;
				SFML_GRAPHICS = "$(SFML_LINK_PREFIX) sfml-graphics$(SFML_LINK_SUFFIX)";
				SFML_LINK_DYLIBS_PREFIX = "-l";
				SFML_LINK_DYLIBS_SUFFIX = "";
				SFML_LINK_FRAMEWORKS_PREFIX = "-framework";
				SFML_LINK_FRAMEWORKS_SUFFIX = "";
				SFML_LINK_PREFIX = "$(SFML_LINK_$(SFML_BINARY_TYPE)_PREFIX)";
				SFML_LINK_SUFFIX = "$(SFML_LINK_$(SFML_BINARY_TYPE)_SUFFIX)";
				SFML_NETWORK = "$(SFML_LINK_PREFIX) sfml-network$(SFML_LINK_SUFFIX)";
				SFML_SYSTEM = "$(SFML_LINK_PREFIX) sfml-system$(SFML_LINK_SUFFIX)";
				SFML_WINDOW = "$(SFML_LINK_PREFIX) sfml-window$(SFML_LINK_SUFFIX)";
				SUPPORTED_PLATFORMS = macosx;
			};
			name = Debug;
		};
		28D2D2C2196C750600C4E9A6 /* Release */ = {
			isa = XCBuildConfiguration;
			buildSettings = {
				ARCHS = "$(ARCHS_STANDARD_32_64_BIT)";
				CLANG_CXX_LANGUAGE_STANDARD = "c++0x";
				CLANG_CXX_LIBRARY = "libc++";
				CLANG_WARN_EMPTY_BODY = YES;
				CLANG_WARN__DUPLICATE_METHOD_MATCH = YES;
				COPY_PHASE_STRIP = YES;
				FRAMEWORK_SEARCH_PATHS = (
					/Library/Frameworks/,
					"$(inherited)",
				);
				GCC_VERSION = com.apple.compilers.llvm.clang.1_0;
				GCC_WARN_ABOUT_RETURN_TYPE = YES;
				GCC_WARN_UNINITIALIZED_AUTOS = YES;
				GCC_WARN_UNUSED_VARIABLE = YES;
				HEADER_SEARCH_PATHS = (
					/usr/local/include/,
					"$(inherited)",
				);
				LIBRARY_SEARCH_PATHS = (
					/usr/local/lib/,
					"$(inherited)",
				);
				ONLY_ACTIVE_ARCH = NO;
				OTHER_LDFLAGS = (
					"$(inherited)",
					"$(SFML_SYSTEM)",
					"$(SFML_WINDOW)",
					"$(SFML_GRAPHICS)",
					"$(SFML_AUDIO)",
					"$(SFML_NETWORK)",
				);
				SFML_AUDIO = "$(SFML_LINK_PREFIX) sfml-audio$(SFML_LINK_SUFFIX)";
				SFML_BINARY_TYPE = FRAMEWORKS;
				SFML_GRAPHICS = "$(SFML_LINK_PREFIX) sfml-graphics$(SFML_LINK_SUFFIX)";
				SFML_LINK_DYLIBS_PREFIX = "-l";
				SFML_LINK_DYLIBS_SUFFIX = "";
				SFML_LINK_FRAMEWORKS_PREFIX = "-framework";
				SFML_LINK_FRAMEWORKS_SUFFIX = "";
				SFML_LINK_PREFIX = "$(SFML_LINK_$(SFML_BINARY_TYPE)_PREFIX)";
				SFML_LINK_SUFFIX = "$(SFML_LINK_$(SFML_BINARY_TYPE)_SUFFIX)";
				SFML_NETWORK = "$(SFML_LINK_PREFIX) sfml-network$(SFML_LINK_SUFFIX)";
				SFML_SYSTEM = "$(SFML_LINK_PREFIX) sfml-system$(SFML_LINK_SUFFIX)";
				SFML_WINDOW = "$(SFML_LINK_PREFIX) sfml-window$(SFML_LINK_SUFFIX)";
				SUPPORTED_PLATFORMS = macosx;
			};
			name = Release;
		};
		28D2D2C4196C750600C4E9A6 /* Debug */ = {
			isa = XCBuildConfiguration;
			buildSettings = {
				INFOPLIST_FILE = "Schach/Schach-Info.plist";
				PRODUCT_NAME = "$(TARGET_NAME)";
			};
			name = Debug;
		};
		28D2D2C5196C750600C4E9A6 /* Release */ = {
			isa = XCBuildConfiguration;
			buildSettings = {
				INFOPLIST_FILE = "Schach/Schach-Info.plist";
				PRODUCT_NAME = "$(TARGET_NAME)";
			};
			name = Release;
		};
/* End XCBuildConfiguration section */

/* Begin XCConfigurationList section */
		28D2D2A8196C750600C4E9A6 /* Build configuration list for PBXProject "Schach" */ = {
			isa = XCConfigurationList;
			buildConfigurations = (
				28D2D2C1196C750600C4E9A6 /* Debug */,
				28D2D2C2196C750600C4E9A6 /* Release */,
			);
			defaultConfigurationIsVisible = 0;
			defaultConfigurationName = Release;
		};
		28D2D2C3196C750600C4E9A6 /* Build configuration list for PBXNativeTarget "Schach" */ = {
			isa = XCConfigurationList;
			buildConfigurations = (
				28D2D2C4196C750600C4E9A6 /* Debug */,
				28D2D2C5196C750600C4E9A6 /* Release */,
			);
			defaultConfigurationIsVisible = 0;
			defaultConfigurationName = Release;
		};
/* End XCConfigurationList section */
	};
	rootObject = 28D2D2A5196C750600C4E9A6 /* Project object */;
}
